// !$*UTF8*$!
{
	archiveVersion = 1;
	classes = {
	};
	objectVersion = 46;
	objects = {

/* Begin PBXBuildFile section */
		3412F15DE69C0B3860F92467 /* Pods_Recently_Movies.framework in Frameworks */ = {isa = PBXBuildFile; fileRef = 124856F7825D17C887B78C31 /* Pods_Recently_Movies.framework */; };
		CC0322142257A3D300BB5682 /* Alamofire.framework in Frameworks */ = {isa = PBXBuildFile; fileRef = CC0322122257A3D300BB5682 /* Alamofire.framework */; };
		CC0322152257A3D300BB5682 /* SDWebImage.framework in Frameworks */ = {isa = PBXBuildFile; fileRef = CC0322132257A3D300BB5682 /* SDWebImage.framework */; };
		CC13CA3B2259FFF200B0309E /* MovieReview.swift in Sources */ = {isa = PBXBuildFile; fileRef = CC13CA3A2259FFF200B0309E /* MovieReview.swift */; };
		CC23810C2257BB99007B46BB /* CoreDataCRUD.swift in Sources */ = {isa = PBXBuildFile; fileRef = CC23810B2257BB99007B46BB /* CoreDataCRUD.swift */; };
		CC604493225A7F4C00EAFD85 /* Connectivity .swift in Sources */ = {isa = PBXBuildFile; fileRef = CC604492225A7F4C00EAFD85 /* Connectivity .swift */; };
		CC604495225A81F800EAFD85 /* MovieTrailler.swift in Sources */ = {isa = PBXBuildFile; fileRef = CC604494225A81F800EAFD85 /* MovieTrailler.swift */; };
		CC7440AB225F51D800B9FFE3 /* File in Resources */ = {isa = PBXBuildFile; fileRef = CC7440AA225F51D800B9FFE3 /* File */; };
		CC756DE0225934DC0083D109 /* Constants.swift in Sources */ = {isa = PBXBuildFile; fileRef = CC756DDF225934DC0083D109 /* Constants.swift */; };
		CC779EF4225B903E001D64A9 /* ReviewViewController.swift in Sources */ = {isa = PBXBuildFile; fileRef = CC779EF3225B903E001D64A9 /* ReviewViewController.swift */; };
		CC779EF6225D06F8001D64A9 /* ReviewTableViewCell.swift in Sources */ = {isa = PBXBuildFile; fileRef = CC779EF5225D06F8001D64A9 /* ReviewTableViewCell.swift */; };
		CC7EBB95224E9A7400B7ACC5 /* AppDelegate.swift in Sources */ = {isa = PBXBuildFile; fileRef = CC7EBB94224E9A7400B7ACC5 /* AppDelegate.swift */; };
		CC7EBB97224E9A7400B7ACC5 /* DetailsViewController.swift in Sources */ = {isa = PBXBuildFile; fileRef = CC7EBB96224E9A7400B7ACC5 /* DetailsViewController.swift */; };
		CC7EBB9A224E9A7400B7ACC5 /* Main.storyboard in Resources */ = {isa = PBXBuildFile; fileRef = CC7EBB98224E9A7400B7ACC5 /* Main.storyboard */; };
		CC7EBB9D224E9A7400B7ACC5 /* Recently_Movies.xcdatamodeld in Sources */ = {isa = PBXBuildFile; fileRef = CC7EBB9B224E9A7400B7ACC5 /* Recently_Movies.xcdatamodeld */; };
		CC7EBB9F224E9A7400B7ACC5 /* Assets.xcassets in Resources */ = {isa = PBXBuildFile; fileRef = CC7EBB9E224E9A7400B7ACC5 /* Assets.xcassets */; };
		CC7EBBA2224E9A7400B7ACC5 /* LaunchScreen.storyboard in Resources */ = {isa = PBXBuildFile; fileRef = CC7EBBA0224E9A7400B7ACC5 /* LaunchScreen.storyboard */; };
		CC7EBBAB224EADBA00B7ACC5 /* CustomMoviesViewCell.swift in Sources */ = {isa = PBXBuildFile; fileRef = CC7EBBAA224EADBA00B7ACC5 /* CustomMoviesViewCell.swift */; };
		CC7EBBAF224EAE7700B7ACC5 /* FavoritesTableViewController.swift in Sources */ = {isa = PBXBuildFile; fileRef = CC7EBBAE224EAE7700B7ACC5 /* FavoritesTableViewController.swift */; };
		CC7EBBB3224EAFD600B7ACC5 /* Movies.swift in Sources */ = {isa = PBXBuildFile; fileRef = CC7EBBB2224EAFD600B7ACC5 /* Movies.swift */; };
		CC7EBBB9224EBA1000B7ACC5 /* CheckInternet.swift in Sources */ = {isa = PBXBuildFile; fileRef = CC7EBBB8224EBA1000B7ACC5 /* CheckInternet.swift */; };
		CC7EBBBC224ED8CA00B7ACC5 /* GridViewController.swift in Sources */ = {isa = PBXBuildFile; fileRef = CC7EBBBB224ED8CA00B7ACC5 /* GridViewController.swift */; };
		CC7EBBBE224EDA4C00B7ACC5 /* CustomCollectionViewCell.swift in Sources */ = {isa = PBXBuildFile; fileRef = CC7EBBBD224EDA4C00B7ACC5 /* CustomCollectionViewCell.swift */; };
		CC7EBBC0224EE6C300B7ACC5 /* SplashViewController.swift in Sources */ = {isa = PBXBuildFile; fileRef = CC7EBBBF224EE6C300B7ACC5 /* SplashViewController.swift */; };
/* End PBXBuildFile section */

/* Begin PBXFileReference section */
		124856F7825D17C887B78C31 /* Pods_Recently_Movies.framework */ = {isa = PBXFileReference; explicitFileType = wrapper.framework; includeInIndex = 0; path = Pods_Recently_Movies.framework; sourceTree = BUILT_PRODUCTS_DIR; };
		ACA5151698F38D46DDF31262 /* Pods-Recently Movies.release.xcconfig */ = {isa = PBXFileReference; includeInIndex = 1; lastKnownFileType = text.xcconfig; name = "Pods-Recently Movies.release.xcconfig"; path = "Target Support Files/Pods-Recently Movies/Pods-Recently Movies.release.xcconfig"; sourceTree = "<group>"; };
		BEB54F5A73CFBB1A01E9FCE4 /* Pods-Recently Movies.debug.xcconfig */ = {isa = PBXFileReference; includeInIndex = 1; lastKnownFileType = text.xcconfig; name = "Pods-Recently Movies.debug.xcconfig"; path = "Target Support Files/Pods-Recently Movies/Pods-Recently Movies.debug.xcconfig"; sourceTree = "<group>"; };
		CC0322122257A3D300BB5682 /* Alamofire.framework */ = {isa = PBXFileReference; lastKnownFileType = wrapper.framework; name = Alamofire.framework; path = "../../Library/Developer/Xcode/DerivedData/Recently_Movies-cbjcofluifzqpoahqywvtbwnhret/Build/Products/Debug-iphonesimulator/Alamofire/Alamofire.framework"; sourceTree = "<group>"; };
		CC0322132257A3D300BB5682 /* SDWebImage.framework */ = {isa = PBXFileReference; lastKnownFileType = wrapper.framework; name = SDWebImage.framework; path = "../../Library/Developer/Xcode/DerivedData/Recently_Movies-cbjcofluifzqpoahqywvtbwnhret/Build/Products/Debug-iphonesimulator/SDWebImage/SDWebImage.framework"; sourceTree = "<group>"; };
		CC13CA3A2259FFF200B0309E /* MovieReview.swift */ = {isa = PBXFileReference; fileEncoding = 4; lastKnownFileType = sourcecode.swift; path = MovieReview.swift; sourceTree = "<group>"; };
		CC23810B2257BB99007B46BB /* CoreDataCRUD.swift */ = {isa = PBXFileReference; fileEncoding = 4; lastKnownFileType = sourcecode.swift; path = CoreDataCRUD.swift; sourceTree = "<group>"; };
		CC604492225A7F4C00EAFD85 /* Connectivity .swift */ = {isa = PBXFileReference; fileEncoding = 4; lastKnownFileType = sourcecode.swift; path = "Connectivity .swift"; sourceTree = "<group>"; };
		CC604494225A81F800EAFD85 /* MovieTrailler.swift */ = {isa = PBXFileReference; fileEncoding = 4; lastKnownFileType = sourcecode.swift; path = MovieTrailler.swift; sourceTree = "<group>"; };
		CC7440AA225F51D800B9FFE3 /* File */ = {isa = PBXFileReference; fileEncoding = 4; lastKnownFileType = text; path = File; sourceTree = "<group>"; };
		CC756DDF225934DC0083D109 /* Constants.swift */ = {isa = PBXFileReference; fileEncoding = 4; lastKnownFileType = sourcecode.swift; path = Constants.swift; sourceTree = "<group>"; };
		CC779EF3225B903E001D64A9 /* ReviewViewController.swift */ = {isa = PBXFileReference; fileEncoding = 4; lastKnownFileType = sourcecode.swift; path = ReviewViewController.swift; sourceTree = "<group>"; };
		CC779EF5225D06F8001D64A9 /* ReviewTableViewCell.swift */ = {isa = PBXFileReference; fileEncoding = 4; lastKnownFileType = sourcecode.swift; path = ReviewTableViewCell.swift; sourceTree = "<group>"; };
		CC7EBB91224E9A7400B7ACC5 /* Recently Movies.app */ = {isa = PBXFileReference; explicitFileType = wrapper.application; includeInIndex = 0; path = "Recently Movies.app"; sourceTree = BUILT_PRODUCTS_DIR; };
		CC7EBB94224E9A7400B7ACC5 /* AppDelegate.swift */ = {isa = PBXFileReference; lastKnownFileType = sourcecode.swift; path = AppDelegate.swift; sourceTree = "<group>"; };
		CC7EBB96224E9A7400B7ACC5 /* DetailsViewController.swift */ = {isa = PBXFileReference; lastKnownFileType = sourcecode.swift; path = DetailsViewController.swift; sourceTree = "<group>"; };
		CC7EBB99224E9A7400B7ACC5 /* Base */ = {isa = PBXFileReference; lastKnownFileType = file.storyboard; name = Base; path = Base.lproj/Main.storyboard; sourceTree = "<group>"; };
		CC7EBB9C224E9A7400B7ACC5 /* Recently_Movies.xcdatamodel */ = {isa = PBXFileReference; lastKnownFileType = wrapper.xcdatamodel; path = Recently_Movies.xcdatamodel; sourceTree = "<group>"; };
		CC7EBB9E224E9A7400B7ACC5 /* Assets.xcassets */ = {isa = PBXFileReference; lastKnownFileType = folder.assetcatalog; path = Assets.xcassets; sourceTree = "<group>"; };
		CC7EBBA1224E9A7400B7ACC5 /* Base */ = {isa = PBXFileReference; lastKnownFileType = file.storyboard; name = Base; path = Base.lproj/LaunchScreen.storyboard; sourceTree = "<group>"; };
		CC7EBBA3224E9A7400B7ACC5 /* Info.plist */ = {isa = PBXFileReference; lastKnownFileType = text.plist.xml; path = Info.plist; sourceTree = "<group>"; };
		CC7EBBAA224EADBA00B7ACC5 /* CustomMoviesViewCell.swift */ = {isa = PBXFileReference; fileEncoding = 4; lastKnownFileType = sourcecode.swift; path = CustomMoviesViewCell.swift; sourceTree = "<group>"; };
		CC7EBBAE224EAE7700B7ACC5 /* FavoritesTableViewController.swift */ = {isa = PBXFileReference; fileEncoding = 4; lastKnownFileType = sourcecode.swift; path = FavoritesTableViewController.swift; sourceTree = "<group>"; };
		CC7EBBB2224EAFD600B7ACC5 /* Movies.swift */ = {isa = PBXFileReference; fileEncoding = 4; lastKnownFileType = sourcecode.swift; path = Movies.swift; sourceTree = "<group>"; };
		CC7EBBB8224EBA1000B7ACC5 /* CheckInternet.swift */ = {isa = PBXFileReference; fileEncoding = 4; lastKnownFileType = sourcecode.swift; path = CheckInternet.swift; sourceTree = "<group>"; };
		CC7EBBBB224ED8CA00B7ACC5 /* GridViewController.swift */ = {isa = PBXFileReference; fileEncoding = 4; lastKnownFileType = sourcecode.swift; path = GridViewController.swift; sourceTree = "<group>"; };
		CC7EBBBD224EDA4C00B7ACC5 /* CustomCollectionViewCell.swift */ = {isa = PBXFileReference; fileEncoding = 4; lastKnownFileType = sourcecode.swift; path = CustomCollectionViewCell.swift; sourceTree = "<group>"; };
		CC7EBBBF224EE6C300B7ACC5 /* SplashViewController.swift */ = {isa = PBXFileReference; fileEncoding = 4; lastKnownFileType = sourcecode.swift; path = SplashViewController.swift; sourceTree = "<group>"; };
/* End PBXFileReference section */

/* Begin PBXFrameworksBuildPhase section */
		CC7EBB8E224E9A7400B7ACC5 /* Frameworks */ = {
			isa = PBXFrameworksBuildPhase;
			buildActionMask = 2147483647;
			files = (
				CC0322142257A3D300BB5682 /* Alamofire.framework in Frameworks */,
				CC0322152257A3D300BB5682 /* SDWebImage.framework in Frameworks */,
				3412F15DE69C0B3860F92467 /* Pods_Recently_Movies.framework in Frameworks */,
			);
			runOnlyForDeploymentPostprocessing = 0;
		};
/* End PBXFrameworksBuildPhase section */

/* Begin PBXGroup section */
		8861DE6A9887C8DBDEFB913F /* Frameworks */ = {
			isa = PBXGroup;
			children = (
				CC0322122257A3D300BB5682 /* Alamofire.framework */,
				CC0322132257A3D300BB5682 /* SDWebImage.framework */,
				124856F7825D17C887B78C31 /* Pods_Recently_Movies.framework */,
			);
			name = Frameworks;
			sourceTree = "<group>";
		};
		CC7EBB88224E9A7400B7ACC5 = {
			isa = PBXGroup;
			children = (
				CC7EBB93224E9A7400B7ACC5 /* Recently Movies */,
				CC7EBB92224E9A7400B7ACC5 /* Products */,
				D47A948C4E4945E43CEE3AE9 /* Pods */,
				8861DE6A9887C8DBDEFB913F /* Frameworks */,
			);
			sourceTree = "<group>";
		};
		CC7EBB92224E9A7400B7ACC5 /* Products */ = {
			isa = PBXGroup;
			children = (
				CC7EBB91224E9A7400B7ACC5 /* Recently Movies.app */,
			);
			name = Products;
			sourceTree = "<group>";
		};
		CC7EBB93224E9A7400B7ACC5 /* Recently Movies */ = {
			isa = PBXGroup;
			children = (
				CC7EBBB4224EAFDA00B7ACC5 /* Model */,
				CC7EBBB0224EAF1B00B7ACC5 /* Views */,
				CC7EBBB1224EAF5300B7ACC5 /* Controllers */,
				CC7EBBBA224EBB0100B7ACC5 /* Connections */,
				CC7EBBA9224EAD0400B7ACC5 /* Supporting Files */,
			);
			path = "Recently Movies";
			sourceTree = "<group>";
		};
		CC7EBBA9224EAD0400B7ACC5 /* Supporting Files */ = {
			isa = PBXGroup;
			children = (
				CC7EBB9B224E9A7400B7ACC5 /* Recently_Movies.xcdatamodeld */,
				CC7EBB94224E9A7400B7ACC5 /* AppDelegate.swift */,
				CC7EBB9E224E9A7400B7ACC5 /* Assets.xcassets */,
				CC7EBBA0224E9A7400B7ACC5 /* LaunchScreen.storyboard */,
				CC7EBBA3224E9A7400B7ACC5 /* Info.plist */,
				CC7440AA225F51D800B9FFE3 /* File */,
			);
			name = "Supporting Files";
			sourceTree = "<group>";
		};
		CC7EBBB0224EAF1B00B7ACC5 /* Views */ = {
			isa = PBXGroup;
			children = (
				CC7EBB98224E9A7400B7ACC5 /* Main.storyboard */,
				CC7EBBAA224EADBA00B7ACC5 /* CustomMoviesViewCell.swift */,
				CC7EBBBD224EDA4C00B7ACC5 /* CustomCollectionViewCell.swift */,
				CC779EF5225D06F8001D64A9 /* ReviewTableViewCell.swift */,
			);
			name = Views;
			sourceTree = "<group>";
		};
		CC7EBBB1224EAF5300B7ACC5 /* Controllers */ = {
			isa = PBXGroup;
			children = (
				CC7EBBBB224ED8CA00B7ACC5 /* GridViewController.swift */,
				CC7EBB96224E9A7400B7ACC5 /* DetailsViewController.swift */,
				CC7EBBAE224EAE7700B7ACC5 /* FavoritesTableViewController.swift */,
				CC7EBBBF224EE6C300B7ACC5 /* SplashViewController.swift */,
				CC779EF3225B903E001D64A9 /* ReviewViewController.swift */,
			);
			name = Controllers;
			sourceTree = "<group>";
		};
		CC7EBBB4224EAFDA00B7ACC5 /* Model */ = {
			isa = PBXGroup;
			children = (
				CC7EBBB2224EAFD600B7ACC5 /* Movies.swift */,
				CC23810B2257BB99007B46BB /* CoreDataCRUD.swift */,
				CC756DDF225934DC0083D109 /* Constants.swift */,
				CC13CA3A2259FFF200B0309E /* MovieReview.swift */,
				CC604494225A81F800EAFD85 /* MovieTrailler.swift */,
			);
			name = Model;
			path = ..;
			sourceTree = "<group>";
		};
		CC7EBBBA224EBB0100B7ACC5 /* Connections */ = {
			isa = PBXGroup;
			children = (
				CC7EBBB8224EBA1000B7ACC5 /* CheckInternet.swift */,
				CC604492225A7F4C00EAFD85 /* Connectivity .swift */,
			);
			name = Connections;
			sourceTree = "<group>";
		};
		D47A948C4E4945E43CEE3AE9 /* Pods */ = {
			isa = PBXGroup;
			children = (
				BEB54F5A73CFBB1A01E9FCE4 /* Pods-Recently Movies.debug.xcconfig */,
				ACA5151698F38D46DDF31262 /* Pods-Recently Movies.release.xcconfig */,
			);
			path = Pods;
			sourceTree = "<group>";
		};
/* End PBXGroup section */

/* Begin PBXNativeTarget section */
		CC7EBB90224E9A7400B7ACC5 /* Recently Movies */ = {
			isa = PBXNativeTarget;
			buildConfigurationList = CC7EBBA6224E9A7400B7ACC5 /* Build configuration list for PBXNativeTarget "Recently Movies" */;
			buildPhases = (
				8D5EC4B9BB3D6BED2BD04AA4 /* [CP] Check Pods Manifest.lock */,
				CC7EBB8D224E9A7400B7ACC5 /* Sources */,
				CC7EBB8E224E9A7400B7ACC5 /* Frameworks */,
				CC7EBB8F224E9A7400B7ACC5 /* Resources */,
				4FBB8004DFE98C1F4A2301C9 /* [CP] Embed Pods Frameworks */,
			);
			buildRules = (
			);
			dependencies = (
			);
			name = "Recently Movies";
			productName = "Recently Movies";
			productReference = CC7EBB91224E9A7400B7ACC5 /* Recently Movies.app */;
			productType = "com.apple.product-type.application";
		};
/* End PBXNativeTarget section */

/* Begin PBXProject section */
		CC7EBB89224E9A7400B7ACC5 /* Project object */ = {
			isa = PBXProject;
			attributes = {
				LastSwiftUpdateCheck = 0820;
				LastUpgradeCheck = 0820;
				ORGANIZATIONNAME = jets;
				TargetAttributes = {
					CC7EBB90224E9A7400B7ACC5 = {
						CreatedOnToolsVersion = 8.2.1;
						ProvisioningStyle = Automatic;
					};
				};
			};
			buildConfigurationList = CC7EBB8C224E9A7400B7ACC5 /* Build configuration list for PBXProject "Recently Movies" */;
			compatibilityVersion = "Xcode 3.2";
			developmentRegion = English;
			hasScannedForEncodings = 0;
			knownRegions = (
				en,
				Base,
			);
			mainGroup = CC7EBB88224E9A7400B7ACC5;
			productRefGroup = CC7EBB92224E9A7400B7ACC5 /* Products */;
			projectDirPath = "";
			projectRoot = "";
			targets = (
				CC7EBB90224E9A7400B7ACC5 /* Recently Movies */,
			);
		};
/* End PBXProject section */

/* Begin PBXResourcesBuildPhase section */
		CC7EBB8F224E9A7400B7ACC5 /* Resources */ = {
			isa = PBXResourcesBuildPhase;
			buildActionMask = 2147483647;
			files = (
				CC7440AB225F51D800B9FFE3 /* File in Resources */,
				CC7EBBA2224E9A7400B7ACC5 /* LaunchScreen.storyboard in Resources */,
				CC7EBB9F224E9A7400B7ACC5 /* Assets.xcassets in Resources */,
				CC7EBB9A224E9A7400B7ACC5 /* Main.storyboard in Resources */,
			);
			runOnlyForDeploymentPostprocessing = 0;
		};
/* End PBXResourcesBuildPhase section */

/* Begin PBXShellScriptBuildPhase section */
		4FBB8004DFE98C1F4A2301C9 /* [CP] Embed Pods Frameworks */ = {
			isa = PBXShellScriptBuildPhase;
			buildActionMask = 2147483647;
			files = (
			);
			inputPaths = (
				"${PODS_ROOT}/Target Support Files/Pods-Recently Movies/Pods-Recently Movies-frameworks.sh",
				"${BUILT_PRODUCTS_DIR}/Alamofire/Alamofire.framework",
				"${BUILT_PRODUCTS_DIR}/SDWebImage/SDWebImage.framework",
			);
			name = "[CP] Embed Pods Frameworks";
			outputPaths = (
				"${TARGET_BUILD_DIR}/${FRAMEWORKS_FOLDER_PATH}/Alamofire.framework",
				"${TARGET_BUILD_DIR}/${FRAMEWORKS_FOLDER_PATH}/SDWebImage.framework",
			);
			runOnlyForDeploymentPostprocessing = 0;
			shellPath = /bin/sh;
			shellScript = "\"${PODS_ROOT}/Target Support Files/Pods-Recently Movies/Pods-Recently Movies-frameworks.sh\"\n";
			showEnvVarsInLog = 0;
		};
		8D5EC4B9BB3D6BED2BD04AA4 /* [CP] Check Pods Manifest.lock */ = {
			isa = PBXShellScriptBuildPhase;
			buildActionMask = 2147483647;
			files = (
			);
			inputPaths = (
				"${PODS_PODFILE_DIR_PATH}/Podfile.lock",
				"${PODS_ROOT}/Manifest.lock",
			);
			name = "[CP] Check Pods Manifest.lock";
			outputPaths = (
				"$(DERIVED_FILE_DIR)/Pods-Recently Movies-checkManifestLockResult.txt",
			);
			runOnlyForDeploymentPostprocessing = 0;
			shellPath = /bin/sh;
			shellScript = "diff \"${PODS_PODFILE_DIR_PATH}/Podfile.lock\" \"${PODS_ROOT}/Manifest.lock\" > /dev/null\nif [ $? != 0 ] ; then\n    # print error to STDERR\n    echo \"error: The sandbox is not in sync with the Podfile.lock. Run 'pod install' or update your CocoaPods installation.\" >&2\n    exit 1\nfi\n# This output is used by Xcode 'outputs' to avoid re-running this script phase.\necho \"SUCCESS\" > \"${SCRIPT_OUTPUT_FILE_0}\"\n";
			showEnvVarsInLog = 0;
		};
/* End PBXShellScriptBuildPhase section */

/* Begin PBXSourcesBuildPhase section */
		CC7EBB8D224E9A7400B7ACC5 /* Sources */ = {
			isa = PBXSourcesBuildPhase;
			buildActionMask = 2147483647;
			files = (
				CC7EBBB3224EAFD600B7ACC5 /* Movies.swift in Sources */,
				CC7EBB97224E9A7400B7ACC5 /* DetailsViewController.swift in Sources */,
				CC7EBBB9224EBA1000B7ACC5 /* CheckInternet.swift in Sources */,
				CC7EBBC0224EE6C300B7ACC5 /* SplashViewController.swift in Sources */,
				CC604493225A7F4C00EAFD85 /* Connectivity .swift in Sources */,
				CC7EBB9D224E9A7400B7ACC5 /* Recently_Movies.xcdatamodeld in Sources */,
				CC779EF6225D06F8001D64A9 /* ReviewTableViewCell.swift in Sources */,
				CC7EBBAB224EADBA00B7ACC5 /* CustomMoviesViewCell.swift in Sources */,
				CC7EBBBC224ED8CA00B7ACC5 /* GridViewController.swift in Sources */,
				CC23810C2257BB99007B46BB /* CoreDataCRUD.swift in Sources */,
				CC7EBBAF224EAE7700B7ACC5 /* FavoritesTableViewController.swift in Sources */,
				CC756DE0225934DC0083D109 /* Constants.swift in Sources */,
				CC13CA3B2259FFF200B0309E /* MovieReview.swift in Sources */,
				CC604495225A81F800EAFD85 /* MovieTrailler.swift in Sources */,
				CC779EF4225B903E001D64A9 /* ReviewViewController.swift in Sources */,
				CC7EBB95224E9A7400B7ACC5 /* AppDelegate.swift in Sources */,
				CC7EBBBE224EDA4C00B7ACC5 /* CustomCollectionViewCell.swift in Sources */,
			);
			runOnlyForDeploymentPostprocessing = 0;
		};
/* End PBXSourcesBuildPhase section */

/* Begin PBXVariantGroup section */
		CC7EBB98224E9A7400B7ACC5 /* Main.storyboard */ = {
			isa = PBXVariantGroup;
			children = (
				CC7EBB99224E9A7400B7ACC5 /* Base */,
			);
			name = Main.storyboard;
			sourceTree = "<group>";
		};
		CC7EBBA0224E9A7400B7ACC5 /* LaunchScreen.storyboard */ = {
			isa = PBXVariantGroup;
			children = (
				CC7EBBA1224E9A7400B7ACC5 /* Base */,
			);
			name = LaunchScreen.storyboard;
			sourceTree = "<group>";
		};
/* End PBXVariantGroup section */

/* Begin XCBuildConfiguration section */
		CC7EBBA4224E9A7400B7ACC5 /* Debug */ = {
			isa = XCBuildConfiguration;
			buildSettings = {
				ALWAYS_SEARCH_USER_PATHS = NO;
				CLANG_ANALYZER_NONNULL = YES;
				CLANG_CXX_LANGUAGE_STANDARD = "gnu++0x";
				CLANG_CXX_LIBRARY = "libc++";
				CLANG_ENABLE_MODULES = YES;
				CLANG_ENABLE_OBJC_ARC = YES;
				CLANG_WARN_BOOL_CONVERSION = YES;
				CLANG_WARN_CONSTANT_CONVERSION = YES;
				CLANG_WARN_DIRECT_OBJC_ISA_USAGE = YES_ERROR;
				CLANG_WARN_DOCUMENTATION_COMMENTS = YES;
				CLANG_WARN_EMPTY_BODY = YES;
				CLANG_WARN_ENUM_CONVERSION = YES;
				CLANG_WARN_INFINITE_RECURSION = YES;
				CLANG_WARN_INT_CONVERSION = YES;
				CLANG_WARN_OBJC_ROOT_CLASS = YES_ERROR;
				CLANG_WARN_SUSPICIOUS_MOVE = YES;
				CLANG_WARN_UNREACHABLE_CODE = YES;
				CLANG_WARN__DUPLICATE_METHOD_MATCH = YES;
				"CODE_SIGN_IDENTITY[sdk=iphoneos*]" = "iPhone Developer";
				COPY_PHASE_STRIP = NO;
				DEBUG_INFORMATION_FORMAT = dwarf;
				ENABLE_STRICT_OBJC_MSGSEND = YES;
				ENABLE_TESTABILITY = YES;
				GCC_C_LANGUAGE_STANDARD = gnu99;
				GCC_DYNAMIC_NO_PIC = NO;
				GCC_NO_COMMON_BLOCKS = YES;
				GCC_OPTIMIZATION_LEVEL = 0;
				GCC_PREPROCESSOR_DEFINITIONS = (
					"DEBUG=1",
					"$(inherited)",
				);
				GCC_WARN_64_TO_32_BIT_CONVERSION = YES;
				GCC_WARN_ABOUT_RETURN_TYPE = YES_ERROR;
				GCC_WARN_UNDECLARED_SELECTOR = YES;
				GCC_WARN_UNINITIALIZED_AUTOS = YES_AGGRESSIVE;
				GCC_WARN_UNUSED_FUNCTION = YES;
				GCC_WARN_UNUSED_VARIABLE = YES;
				IPHONEOS_DEPLOYMENT_TARGET = 10.2;
				MTL_ENABLE_DEBUG_INFO = YES;
				ONLY_ACTIVE_ARCH = YES;
				SDKROOT = iphoneos;
				SWIFT_ACTIVE_COMPILATION_CONDITIONS = DEBUG;
				SWIFT_OPTIMIZATION_LEVEL = "-Onone";
			};
			name = Debug;
		};
		CC7EBBA5224E9A7400B7ACC5 /* Release */ = {
			isa = XCBuildConfiguration;
			buildSettings = {
				ALWAYS_SEARCH_USER_PATHS = NO;
				CLANG_ANALYZER_NONNULL = YES;
				CLANG_CXX_LANGUAGE_STANDARD = "gnu++0x";
				CLANG_CXX_LIBRARY = "libc++";
				CLANG_ENABLE_MODULES = YES;
				CLANG_ENABLE_OBJC_ARC = YES;
				CLANG_WARN_BOOL_CONVERSION = YES;
				CLANG_WARN_CONSTANT_CONVERSION = YES;
				CLANG_WARN_DIRECT_OBJC_ISA_USAGE = YES_ERROR;
				CLANG_WARN_DOCUMENTATION_COMMENTS = YES;
				CLANG_WARN_EMPTY_BODY = YES;
				CLANG_WARN_ENUM_CONVERSION = YES;
				CLANG_WARN_INFINITE_RECURSION = YES;
				CLANG_WARN_INT_CONVERSION = YES;
				CLANG_WARN_OBJC_ROOT_CLASS = YES_ERROR;
				CLANG_WARN_SUSPICIOUS_MOVE = YES;
				CLANG_WARN_UNREACHABLE_CODE = YES;
				CLANG_WARN__DUPLICATE_METHOD_MATCH = YES;
				"CODE_SIGN_IDENTITY[sdk=iphoneos*]" = "iPhone Developer";
				COPY_PHASE_STRIP = NO;
				DEBUG_INFORMATION_FORMAT = "dwarf-with-dsym";
				ENABLE_NS_ASSERTIONS = NO;
				ENABLE_STRICT_OBJC_MSGSEND = YES;
				GCC_C_LANGUAGE_STANDARD = gnu99;
				GCC_NO_COMMON_BLOCKS = YES;
				GCC_WARN_64_TO_32_BIT_CONVERSION = YES;
				GCC_WARN_ABOUT_RETURN_TYPE = YES_ERROR;
				GCC_WARN_UNDECLARED_SELECTOR = YES;
				GCC_WARN_UNINITIALIZED_AUTOS = YES_AGGRESSIVE;
				GCC_WARN_UNUSED_FUNCTION = YES;
				GCC_WARN_UNUSED_VARIABLE = YES;
				IPHONEOS_DEPLOYMENT_TARGET = 10.2;
				MTL_ENABLE_DEBUG_INFO = NO;
				SDKROOT = iphoneos;
				SWIFT_OPTIMIZATION_LEVEL = "-Owholemodule";
				VALIDATE_PRODUCT = YES;
			};
			name = Release;
		};
		CC7EBBA7224E9A7400B7ACC5 /* Debug */ = {
			isa = XCBuildConfiguration;
			baseConfigurationReference = BEB54F5A73CFBB1A01E9FCE4 /* Pods-Recently Movies.debug.xcconfig */;
			buildSettings = {
				ASSETCATALOG_COMPILER_APPICON_NAME = AppIcon;
				ASSETCATALOG_COMPILER_LAUNCHIMAGE_NAME = LaunchImage;
				INFOPLIST_FILE = "Recently Movies/Info.plist";
				LD_RUNPATH_SEARCH_PATHS = "$(inherited) @executable_path/Frameworks";
				PRODUCT_BUNDLE_IDENTIFIER = "iti.Recently-Movies";
				PRODUCT_NAME = "$(TARGET_NAME)";
				SWIFT_VERSION = 3.0;
			};
			name = Debug;
		};
		CC7EBBA8224E9A7400B7ACC5 /* Release */ = {
			isa = XCBuildConfiguration;
			baseConfigurationReference = ACA5151698F38D46DDF31262 /* Pods-Recently Movies.release.xcconfig */;
			buildSettings = {
				ASSETCATALOG_COMPILER_APPICON_NAME = AppIcon;
				ASSETCATALOG_COMPILER_LAUNCHIMAGE_NAME = LaunchImage;
				INFOPLIST_FILE = "Recently Movies/Info.plist";
				LD_RUNPATH_SEARCH_PATHS = "$(inherited) @executable_path/Frameworks";
				PRODUCT_BUNDLE_IDENTIFIER = "iti.Recently-Movies";
				PRODUCT_NAME = "$(TARGET_NAME)";
				SWIFT_VERSION = 3.0;
			};
			name = Release;
		};
/* End XCBuildConfiguration section */

/* Begin XCConfigurationList section */
		CC7EBB8C224E9A7400B7ACC5 /* Build configuration list for PBXProject "Recently Movies" */ = {
			isa = XCConfigurationList;
			buildConfigurations = (
				CC7EBBA4224E9A7400B7ACC5 /* Debug */,
				CC7EBBA5224E9A7400B7ACC5 /* Release */,
			);
			defaultConfigurationIsVisible = 0;
			defaultConfigurationName = Release;
		};
		CC7EBBA6224E9A7400B7ACC5 /* Build configuration list for PBXNativeTarget "Recently Movies" */ = {
			isa = XCConfigurationList;
			buildConfigurations = (
				CC7EBBA7224E9A7400B7ACC5 /* Debug */,
				CC7EBBA8224E9A7400B7ACC5 /* Release */,
			);
			defaultConfigurationIsVisible = 0;
			defaultConfigurationName = Release;
		};
/* End XCConfigurationList section */

/* Begin XCVersionGroup section */
		CC7EBB9B224E9A7400B7ACC5 /* Recently_Movies.xcdatamodeld */ = {
			isa = XCVersionGroup;
			children = (
				CC7EBB9C224E9A7400B7ACC5 /* Recently_Movies.xcdatamodel */,
			);
			currentVersion = CC7EBB9C224E9A7400B7ACC5 /* Recently_Movies.xcdatamodel */;
			path = Recently_Movies.xcdatamodeld;
			sourceTree = "<group>";
			versionGroupType = wrapper.xcdatamodel;
		};
/* End XCVersionGroup section */
	};
	rootObject = CC7EBB89224E9A7400B7ACC5 /* Project object */;
}
